# THIS IS AN AUTOGENERATED FILE. DO NOT EDIT THIS FILE DIRECTLY.
# yarn lockfile v1


"@aws-crypto/ie11-detection@^2.0.0":
  version "2.0.2"
  resolved "https://registry.npmjs.org/@aws-crypto/ie11-detection/-/ie11-detection-2.0.2.tgz"
  dependencies:
    tslib "^1.11.1"

"@aws-crypto/sha256-browser@2.0.0":
  version "2.0.0"
  resolved "https://registry.npmjs.org/@aws-crypto/sha256-browser/-/sha256-browser-2.0.0.tgz"
  dependencies:
    "@aws-crypto/ie11-detection" "^2.0.0"
    "@aws-crypto/sha256-js" "^2.0.0"
    "@aws-crypto/supports-web-crypto" "^2.0.0"
    "@aws-crypto/util" "^2.0.0"
    "@aws-sdk/types" "^3.1.0"
    "@aws-sdk/util-locate-window" "^3.0.0"
    "@aws-sdk/util-utf8-browser" "^3.0.0"
    tslib "^1.11.1"

"@aws-crypto/sha256-js@2.0.0":
  version "2.0.0"
  resolved "https://registry.npmjs.org/@aws-crypto/sha256-js/-/sha256-js-2.0.0.tgz"
  dependencies:
    "@aws-crypto/util" "^2.0.0"
    "@aws-sdk/types" "^3.1.0"
    tslib "^1.11.1"

"@aws-crypto/sha256-js@^2.0.0":
  version "2.0.2"
  resolved "https://registry.npmjs.org/@aws-crypto/sha256-js/-/sha256-js-2.0.2.tgz"
  dependencies:
    "@aws-crypto/util" "^2.0.2"
    "@aws-sdk/types" "^3.110.0"
    tslib "^1.11.1"

"@aws-crypto/supports-web-crypto@^2.0.0":
  version "2.0.2"
  resolved "https://registry.npmjs.org/@aws-crypto/supports-web-crypto/-/supports-web-crypto-2.0.2.tgz"
  dependencies:
    tslib "^1.11.1"

"@aws-crypto/util@^2.0.0", "@aws-crypto/util@^2.0.2":
  version "2.0.2"
  resolved "https://registry.npmjs.org/@aws-crypto/util/-/util-2.0.2.tgz"
  dependencies:
    "@aws-sdk/types" "^3.110.0"
    "@aws-sdk/util-utf8-browser" "^3.0.0"
    tslib "^1.11.1"

"@aws-sdk/abort-controller@3.201.0":
  version "3.201.0"
  resolved "https://registry.npmjs.org/@aws-sdk/abort-controller/-/abort-controller-3.201.0.tgz"
  dependencies:
    "@aws-sdk/types" "3.201.0"
    tslib "^2.3.1"

"@aws-sdk/client-cognito-identity@3.204.0":
  version "3.204.0"
  resolved "https://registry.npmjs.org/@aws-sdk/client-cognito-identity/-/client-cognito-identity-3.204.0.tgz"
  dependencies:
    "@aws-crypto/sha256-browser" "2.0.0"
    "@aws-crypto/sha256-js" "2.0.0"
    "@aws-sdk/client-sts" "3.204.0"
    "@aws-sdk/config-resolver" "3.201.0"
    "@aws-sdk/credential-provider-node" "3.204.0"
    "@aws-sdk/fetch-http-handler" "3.204.0"
    "@aws-sdk/hash-node" "3.201.0"
    "@aws-sdk/invalid-dependency" "3.201.0"
    "@aws-sdk/middleware-content-length" "3.201.0"
    "@aws-sdk/middleware-endpoint" "3.201.0"
    "@aws-sdk/middleware-host-header" "3.201.0"
    "@aws-sdk/middleware-logger" "3.201.0"
    "@aws-sdk/middleware-recursion-detection" "3.201.0"
    "@aws-sdk/middleware-retry" "3.201.0"
    "@aws-sdk/middleware-serde" "3.201.0"
    "@aws-sdk/middleware-signing" "3.201.0"
    "@aws-sdk/middleware-stack" "3.201.0"
    "@aws-sdk/middleware-user-agent" "3.201.0"
    "@aws-sdk/node-config-provider" "3.201.0"
    "@aws-sdk/node-http-handler" "3.201.0"
    "@aws-sdk/protocol-http" "3.201.0"
    "@aws-sdk/smithy-client" "3.201.0"
    "@aws-sdk/types" "3.201.0"
    "@aws-sdk/url-parser" "3.201.0"
    "@aws-sdk/util-base64" "3.202.0"
    "@aws-sdk/util-base64-browser" "3.188.0"
    "@aws-sdk/util-base64-node" "3.201.0"
    "@aws-sdk/util-body-length-browser" "3.188.0"
    "@aws-sdk/util-body-length-node" "3.201.0"
    "@aws-sdk/util-defaults-mode-browser" "3.201.0"
    "@aws-sdk/util-defaults-mode-node" "3.201.0"
    "@aws-sdk/util-endpoints" "3.202.0"
    "@aws-sdk/util-user-agent-browser" "3.201.0"
    "@aws-sdk/util-user-agent-node" "3.201.0"
    "@aws-sdk/util-utf8-browser" "3.188.0"
    "@aws-sdk/util-utf8-node" "3.201.0"
    tslib "^2.3.1"

"@aws-sdk/client-sso@3.204.0":
  version "3.204.0"
  resolved "https://registry.npmjs.org/@aws-sdk/client-sso/-/client-sso-3.204.0.tgz"
  dependencies:
    "@aws-crypto/sha256-browser" "2.0.0"
    "@aws-crypto/sha256-js" "2.0.0"
    "@aws-sdk/config-resolver" "3.201.0"
    "@aws-sdk/fetch-http-handler" "3.204.0"
    "@aws-sdk/hash-node" "3.201.0"
    "@aws-sdk/invalid-dependency" "3.201.0"
    "@aws-sdk/middleware-content-length" "3.201.0"
    "@aws-sdk/middleware-endpoint" "3.201.0"
    "@aws-sdk/middleware-host-header" "3.201.0"
    "@aws-sdk/middleware-logger" "3.201.0"
    "@aws-sdk/middleware-recursion-detection" "3.201.0"
    "@aws-sdk/middleware-retry" "3.201.0"
    "@aws-sdk/middleware-serde" "3.201.0"
    "@aws-sdk/middleware-stack" "3.201.0"
    "@aws-sdk/middleware-user-agent" "3.201.0"
    "@aws-sdk/node-config-provider" "3.201.0"
    "@aws-sdk/node-http-handler" "3.201.0"
    "@aws-sdk/protocol-http" "3.201.0"
    "@aws-sdk/smithy-client" "3.201.0"
    "@aws-sdk/types" "3.201.0"
    "@aws-sdk/url-parser" "3.201.0"
    "@aws-sdk/util-base64" "3.202.0"
    "@aws-sdk/util-base64-browser" "3.188.0"
    "@aws-sdk/util-base64-node" "3.201.0"
    "@aws-sdk/util-body-length-browser" "3.188.0"
    "@aws-sdk/util-body-length-node" "3.201.0"
    "@aws-sdk/util-defaults-mode-browser" "3.201.0"
    "@aws-sdk/util-defaults-mode-node" "3.201.0"
    "@aws-sdk/util-endpoints" "3.202.0"
    "@aws-sdk/util-user-agent-browser" "3.201.0"
    "@aws-sdk/util-user-agent-node" "3.201.0"
    "@aws-sdk/util-utf8-browser" "3.188.0"
    "@aws-sdk/util-utf8-node" "3.201.0"
    tslib "^2.3.1"

"@aws-sdk/client-sts@3.204.0":
  version "3.204.0"
  resolved "https://registry.npmjs.org/@aws-sdk/client-sts/-/client-sts-3.204.0.tgz"
  dependencies:
    "@aws-crypto/sha256-browser" "2.0.0"
    "@aws-crypto/sha256-js" "2.0.0"
    "@aws-sdk/config-resolver" "3.201.0"
    "@aws-sdk/credential-provider-node" "3.204.0"
    "@aws-sdk/fetch-http-handler" "3.204.0"
    "@aws-sdk/hash-node" "3.201.0"
    "@aws-sdk/invalid-dependency" "3.201.0"
    "@aws-sdk/middleware-content-length" "3.201.0"
    "@aws-sdk/middleware-endpoint" "3.201.0"
    "@aws-sdk/middleware-host-header" "3.201.0"
    "@aws-sdk/middleware-logger" "3.201.0"
    "@aws-sdk/middleware-recursion-detection" "3.201.0"
    "@aws-sdk/middleware-retry" "3.201.0"
    "@aws-sdk/middleware-sdk-sts" "3.201.0"
    "@aws-sdk/middleware-serde" "3.201.0"
    "@aws-sdk/middleware-signing" "3.201.0"
    "@aws-sdk/middleware-stack" "3.201.0"
    "@aws-sdk/middleware-user-agent" "3.201.0"
    "@aws-sdk/node-config-provider" "3.201.0"
    "@aws-sdk/node-http-handler" "3.201.0"
    "@aws-sdk/protocol-http" "3.201.0"
    "@aws-sdk/smithy-client" "3.201.0"
    "@aws-sdk/types" "3.201.0"
    "@aws-sdk/url-parser" "3.201.0"
    "@aws-sdk/util-base64" "3.202.0"
    "@aws-sdk/util-base64-browser" "3.188.0"
    "@aws-sdk/util-base64-node" "3.201.0"
    "@aws-sdk/util-body-length-browser" "3.188.0"
    "@aws-sdk/util-body-length-node" "3.201.0"
    "@aws-sdk/util-defaults-mode-browser" "3.201.0"
    "@aws-sdk/util-defaults-mode-node" "3.201.0"
    "@aws-sdk/util-endpoints" "3.202.0"
    "@aws-sdk/util-user-agent-browser" "3.201.0"
    "@aws-sdk/util-user-agent-node" "3.201.0"
    "@aws-sdk/util-utf8-browser" "3.188.0"
    "@aws-sdk/util-utf8-node" "3.201.0"
    fast-xml-parser "4.0.11"
    tslib "^2.3.1"

"@aws-sdk/config-resolver@3.201.0":
  version "3.201.0"
  resolved "https://registry.npmjs.org/@aws-sdk/config-resolver/-/config-resolver-3.201.0.tgz"
  dependencies:
    "@aws-sdk/signature-v4" "3.201.0"
    "@aws-sdk/types" "3.201.0"
    "@aws-sdk/util-config-provider" "3.201.0"
    "@aws-sdk/util-middleware" "3.201.0"
    tslib "^2.3.1"

"@aws-sdk/credential-provider-cognito-identity@3.204.0":
  version "3.204.0"
  resolved "https://registry.npmjs.org/@aws-sdk/credential-provider-cognito-identity/-/credential-provider-cognito-identity-3.204.0.tgz"
  dependencies:
    "@aws-sdk/client-cognito-identity" "3.204.0"
    "@aws-sdk/property-provider" "3.201.0"
    "@aws-sdk/types" "3.201.0"
    tslib "^2.3.1"

"@aws-sdk/credential-provider-env@3.201.0":
  version "3.201.0"
  resolved "https://registry.npmjs.org/@aws-sdk/credential-provider-env/-/credential-provider-env-3.201.0.tgz"
  dependencies:
    "@aws-sdk/property-provider" "3.201.0"
    "@aws-sdk/types" "3.201.0"
    tslib "^2.3.1"

"@aws-sdk/credential-provider-imds@3.201.0":
  version "3.201.0"
  resolved "https://registry.npmjs.org/@aws-sdk/credential-provider-imds/-/credential-provider-imds-3.201.0.tgz"
  dependencies:
    "@aws-sdk/node-config-provider" "3.201.0"
    "@aws-sdk/property-provider" "3.201.0"
    "@aws-sdk/types" "3.201.0"
    "@aws-sdk/url-parser" "3.201.0"
    tslib "^2.3.1"

"@aws-sdk/credential-provider-ini@3.204.0":
  version "3.204.0"
  resolved "https://registry.npmjs.org/@aws-sdk/credential-provider-ini/-/credential-provider-ini-3.204.0.tgz"
  dependencies:
    "@aws-sdk/credential-provider-env" "3.201.0"
    "@aws-sdk/credential-provider-imds" "3.201.0"
    "@aws-sdk/credential-provider-sso" "3.204.0"
    "@aws-sdk/credential-provider-web-identity" "3.201.0"
    "@aws-sdk/property-provider" "3.201.0"
    "@aws-sdk/shared-ini-file-loader" "3.201.0"
    "@aws-sdk/types" "3.201.0"
    tslib "^2.3.1"

"@aws-sdk/credential-provider-node@3.204.0":
  version "3.204.0"
  resolved "https://registry.npmjs.org/@aws-sdk/credential-provider-node/-/credential-provider-node-3.204.0.tgz"
  dependencies:
    "@aws-sdk/credential-provider-env" "3.201.0"
    "@aws-sdk/credential-provider-imds" "3.201.0"
    "@aws-sdk/credential-provider-ini" "3.204.0"
    "@aws-sdk/credential-provider-process" "3.201.0"
    "@aws-sdk/credential-provider-sso" "3.204.0"
    "@aws-sdk/credential-provider-web-identity" "3.201.0"
    "@aws-sdk/property-provider" "3.201.0"
    "@aws-sdk/shared-ini-file-loader" "3.201.0"
    "@aws-sdk/types" "3.201.0"
    tslib "^2.3.1"

"@aws-sdk/credential-provider-process@3.201.0":
  version "3.201.0"
  resolved "https://registry.npmjs.org/@aws-sdk/credential-provider-process/-/credential-provider-process-3.201.0.tgz"
  dependencies:
    "@aws-sdk/property-provider" "3.201.0"
    "@aws-sdk/shared-ini-file-loader" "3.201.0"
    "@aws-sdk/types" "3.201.0"
    tslib "^2.3.1"

"@aws-sdk/credential-provider-sso@3.204.0":
  version "3.204.0"
  resolved "https://registry.npmjs.org/@aws-sdk/credential-provider-sso/-/credential-provider-sso-3.204.0.tgz"
  dependencies:
    "@aws-sdk/client-sso" "3.204.0"
    "@aws-sdk/property-provider" "3.201.0"
    "@aws-sdk/shared-ini-file-loader" "3.201.0"
    "@aws-sdk/types" "3.201.0"
    tslib "^2.3.1"

"@aws-sdk/credential-provider-web-identity@3.201.0":
  version "3.201.0"
  resolved "https://registry.npmjs.org/@aws-sdk/credential-provider-web-identity/-/credential-provider-web-identity-3.201.0.tgz"
  dependencies:
    "@aws-sdk/property-provider" "3.201.0"
    "@aws-sdk/types" "3.201.0"
    tslib "^2.3.1"

"@aws-sdk/credential-providers@^3.186.0":
  version "3.204.0"
  resolved "https://registry.npmjs.org/@aws-sdk/credential-providers/-/credential-providers-3.204.0.tgz"
  dependencies:
    "@aws-sdk/client-cognito-identity" "3.204.0"
    "@aws-sdk/client-sso" "3.204.0"
    "@aws-sdk/client-sts" "3.204.0"
    "@aws-sdk/credential-provider-cognito-identity" "3.204.0"
    "@aws-sdk/credential-provider-env" "3.201.0"
    "@aws-sdk/credential-provider-imds" "3.201.0"
    "@aws-sdk/credential-provider-ini" "3.204.0"
    "@aws-sdk/credential-provider-node" "3.204.0"
    "@aws-sdk/credential-provider-process" "3.201.0"
    "@aws-sdk/credential-provider-sso" "3.204.0"
    "@aws-sdk/credential-provider-web-identity" "3.201.0"
    "@aws-sdk/property-provider" "3.201.0"
    "@aws-sdk/shared-ini-file-loader" "3.201.0"
    "@aws-sdk/types" "3.201.0"
    tslib "^2.3.1"

"@aws-sdk/fetch-http-handler@3.204.0":
  version "3.204.0"
  resolved "https://registry.npmjs.org/@aws-sdk/fetch-http-handler/-/fetch-http-handler-3.204.0.tgz"
  dependencies:
    "@aws-sdk/protocol-http" "3.201.0"
    "@aws-sdk/querystring-builder" "3.201.0"
    "@aws-sdk/types" "3.201.0"
    "@aws-sdk/util-base64" "3.202.0"
    tslib "^2.3.1"

"@aws-sdk/hash-node@3.201.0":
  version "3.201.0"
  resolved "https://registry.npmjs.org/@aws-sdk/hash-node/-/hash-node-3.201.0.tgz"
  dependencies:
    "@aws-sdk/types" "3.201.0"
    "@aws-sdk/util-buffer-from" "3.201.0"
    tslib "^2.3.1"

"@aws-sdk/invalid-dependency@3.201.0":
  version "3.201.0"
  resolved "https://registry.npmjs.org/@aws-sdk/invalid-dependency/-/invalid-dependency-3.201.0.tgz"
  dependencies:
    "@aws-sdk/types" "3.201.0"
    tslib "^2.3.1"

"@aws-sdk/is-array-buffer@3.201.0":
  version "3.201.0"
  resolved "https://registry.npmjs.org/@aws-sdk/is-array-buffer/-/is-array-buffer-3.201.0.tgz"
  dependencies:
    tslib "^2.3.1"

"@aws-sdk/middleware-content-length@3.201.0":
  version "3.201.0"
  resolved "https://registry.npmjs.org/@aws-sdk/middleware-content-length/-/middleware-content-length-3.201.0.tgz"
  dependencies:
    "@aws-sdk/protocol-http" "3.201.0"
    "@aws-sdk/types" "3.201.0"
    tslib "^2.3.1"

"@aws-sdk/middleware-endpoint@3.201.0":
  version "3.201.0"
  resolved "https://registry.npmjs.org/@aws-sdk/middleware-endpoint/-/middleware-endpoint-3.201.0.tgz"
  dependencies:
    "@aws-sdk/middleware-serde" "3.201.0"
    "@aws-sdk/protocol-http" "3.201.0"
    "@aws-sdk/signature-v4" "3.201.0"
    "@aws-sdk/types" "3.201.0"
    "@aws-sdk/url-parser" "3.201.0"
    "@aws-sdk/util-config-provider" "3.201.0"
    "@aws-sdk/util-middleware" "3.201.0"
    tslib "^2.3.1"

"@aws-sdk/middleware-host-header@3.201.0":
  version "3.201.0"
  resolved "https://registry.npmjs.org/@aws-sdk/middleware-host-header/-/middleware-host-header-3.201.0.tgz"
  dependencies:
    "@aws-sdk/protocol-http" "3.201.0"
    "@aws-sdk/types" "3.201.0"
    tslib "^2.3.1"

"@aws-sdk/middleware-logger@3.201.0":
  version "3.201.0"
  resolved "https://registry.npmjs.org/@aws-sdk/middleware-logger/-/middleware-logger-3.201.0.tgz"
  dependencies:
    "@aws-sdk/types" "3.201.0"
    tslib "^2.3.1"

"@aws-sdk/middleware-recursion-detection@3.201.0":
  version "3.201.0"
  resolved "https://registry.npmjs.org/@aws-sdk/middleware-recursion-detection/-/middleware-recursion-detection-3.201.0.tgz"
  dependencies:
    "@aws-sdk/protocol-http" "3.201.0"
    "@aws-sdk/types" "3.201.0"
    tslib "^2.3.1"

"@aws-sdk/middleware-retry@3.201.0":
  version "3.201.0"
  resolved "https://registry.npmjs.org/@aws-sdk/middleware-retry/-/middleware-retry-3.201.0.tgz"
  dependencies:
    "@aws-sdk/protocol-http" "3.201.0"
    "@aws-sdk/service-error-classification" "3.201.0"
    "@aws-sdk/types" "3.201.0"
    "@aws-sdk/util-middleware" "3.201.0"
    tslib "^2.3.1"
    uuid "^8.3.2"

"@aws-sdk/middleware-sdk-sts@3.201.0":
  version "3.201.0"
  resolved "https://registry.npmjs.org/@aws-sdk/middleware-sdk-sts/-/middleware-sdk-sts-3.201.0.tgz"
  dependencies:
    "@aws-sdk/middleware-signing" "3.201.0"
    "@aws-sdk/property-provider" "3.201.0"
    "@aws-sdk/protocol-http" "3.201.0"
    "@aws-sdk/signature-v4" "3.201.0"
    "@aws-sdk/types" "3.201.0"
    tslib "^2.3.1"

"@aws-sdk/middleware-serde@3.201.0":
  version "3.201.0"
  resolved "https://registry.npmjs.org/@aws-sdk/middleware-serde/-/middleware-serde-3.201.0.tgz"
  dependencies:
    "@aws-sdk/types" "3.201.0"
    tslib "^2.3.1"

"@aws-sdk/middleware-signing@3.201.0":
  version "3.201.0"
  resolved "https://registry.npmjs.org/@aws-sdk/middleware-signing/-/middleware-signing-3.201.0.tgz"
  dependencies:
    "@aws-sdk/property-provider" "3.201.0"
    "@aws-sdk/protocol-http" "3.201.0"
    "@aws-sdk/signature-v4" "3.201.0"
    "@aws-sdk/types" "3.201.0"
    "@aws-sdk/util-middleware" "3.201.0"
    tslib "^2.3.1"

"@aws-sdk/middleware-stack@3.201.0":
  version "3.201.0"
  resolved "https://registry.npmjs.org/@aws-sdk/middleware-stack/-/middleware-stack-3.201.0.tgz"
  dependencies:
    tslib "^2.3.1"

"@aws-sdk/middleware-user-agent@3.201.0":
  version "3.201.0"
  resolved "https://registry.npmjs.org/@aws-sdk/middleware-user-agent/-/middleware-user-agent-3.201.0.tgz"
  dependencies:
    "@aws-sdk/protocol-http" "3.201.0"
    "@aws-sdk/types" "3.201.0"
    tslib "^2.3.1"

"@aws-sdk/node-config-provider@3.201.0":
  version "3.201.0"
  resolved "https://registry.npmjs.org/@aws-sdk/node-config-provider/-/node-config-provider-3.201.0.tgz"
  dependencies:
    "@aws-sdk/property-provider" "3.201.0"
    "@aws-sdk/shared-ini-file-loader" "3.201.0"
    "@aws-sdk/types" "3.201.0"
    tslib "^2.3.1"

"@aws-sdk/node-http-handler@3.201.0":
  version "3.201.0"
  resolved "https://registry.npmjs.org/@aws-sdk/node-http-handler/-/node-http-handler-3.201.0.tgz"
  dependencies:
    "@aws-sdk/abort-controller" "3.201.0"
    "@aws-sdk/protocol-http" "3.201.0"
    "@aws-sdk/querystring-builder" "3.201.0"
    "@aws-sdk/types" "3.201.0"
    tslib "^2.3.1"

"@aws-sdk/property-provider@3.201.0":
  version "3.201.0"
  resolved "https://registry.npmjs.org/@aws-sdk/property-provider/-/property-provider-3.201.0.tgz"
  dependencies:
    "@aws-sdk/types" "3.201.0"
    tslib "^2.3.1"

"@aws-sdk/protocol-http@3.201.0":
  version "3.201.0"
  resolved "https://registry.npmjs.org/@aws-sdk/protocol-http/-/protocol-http-3.201.0.tgz"
  dependencies:
    "@aws-sdk/types" "3.201.0"
    tslib "^2.3.1"

"@aws-sdk/querystring-builder@3.201.0":
  version "3.201.0"
  resolved "https://registry.npmjs.org/@aws-sdk/querystring-builder/-/querystring-builder-3.201.0.tgz"
  dependencies:
    "@aws-sdk/types" "3.201.0"
    "@aws-sdk/util-uri-escape" "3.201.0"
    tslib "^2.3.1"

"@aws-sdk/querystring-parser@3.201.0":
  version "3.201.0"
  resolved "https://registry.npmjs.org/@aws-sdk/querystring-parser/-/querystring-parser-3.201.0.tgz"
  dependencies:
    "@aws-sdk/types" "3.201.0"
    tslib "^2.3.1"

"@aws-sdk/service-error-classification@3.201.0":
  version "3.201.0"
  resolved "https://registry.npmjs.org/@aws-sdk/service-error-classification/-/service-error-classification-3.201.0.tgz"

"@aws-sdk/shared-ini-file-loader@3.201.0":
  version "3.201.0"
  resolved "https://registry.npmjs.org/@aws-sdk/shared-ini-file-loader/-/shared-ini-file-loader-3.201.0.tgz"
  dependencies:
    "@aws-sdk/types" "3.201.0"
    tslib "^2.3.1"

"@aws-sdk/signature-v4@3.201.0":
  version "3.201.0"
  resolved "https://registry.npmjs.org/@aws-sdk/signature-v4/-/signature-v4-3.201.0.tgz"
  dependencies:
    "@aws-sdk/is-array-buffer" "3.201.0"
    "@aws-sdk/types" "3.201.0"
    "@aws-sdk/util-hex-encoding" "3.201.0"
    "@aws-sdk/util-middleware" "3.201.0"
    "@aws-sdk/util-uri-escape" "3.201.0"
    tslib "^2.3.1"

"@aws-sdk/smithy-client@3.201.0":
  version "3.201.0"
  resolved "https://registry.npmjs.org/@aws-sdk/smithy-client/-/smithy-client-3.201.0.tgz"
  dependencies:
    "@aws-sdk/middleware-stack" "3.201.0"
    "@aws-sdk/types" "3.201.0"
    tslib "^2.3.1"

"@aws-sdk/types@3.201.0", "@aws-sdk/types@^3.1.0", "@aws-sdk/types@^3.110.0":
  version "3.201.0"
  resolved "https://registry.npmjs.org/@aws-sdk/types/-/types-3.201.0.tgz"

"@aws-sdk/url-parser@3.201.0":
  version "3.201.0"
  resolved "https://registry.npmjs.org/@aws-sdk/url-parser/-/url-parser-3.201.0.tgz"
  dependencies:
    "@aws-sdk/querystring-parser" "3.201.0"
    "@aws-sdk/types" "3.201.0"
    tslib "^2.3.1"

"@aws-sdk/util-base64-browser@3.188.0":
  version "3.188.0"
  resolved "https://registry.npmjs.org/@aws-sdk/util-base64-browser/-/util-base64-browser-3.188.0.tgz"
  dependencies:
    tslib "^2.3.1"

"@aws-sdk/util-base64-node@3.201.0":
  version "3.201.0"
  resolved "https://registry.npmjs.org/@aws-sdk/util-base64-node/-/util-base64-node-3.201.0.tgz"
  dependencies:
    "@aws-sdk/util-buffer-from" "3.201.0"
    tslib "^2.3.1"

"@aws-sdk/util-base64@3.202.0":
  version "3.202.0"
  resolved "https://registry.npmjs.org/@aws-sdk/util-base64/-/util-base64-3.202.0.tgz"
  dependencies:
    "@aws-sdk/util-buffer-from" "3.201.0"
    tslib "^2.3.1"

"@aws-sdk/util-body-length-browser@3.188.0":
  version "3.188.0"
  resolved "https://registry.npmjs.org/@aws-sdk/util-body-length-browser/-/util-body-length-browser-3.188.0.tgz"
  dependencies:
    tslib "^2.3.1"

"@aws-sdk/util-body-length-node@3.201.0":
  version "3.201.0"
  resolved "https://registry.npmjs.org/@aws-sdk/util-body-length-node/-/util-body-length-node-3.201.0.tgz"
  dependencies:
    tslib "^2.3.1"

"@aws-sdk/util-buffer-from@3.201.0":
  version "3.201.0"
  resolved "https://registry.npmjs.org/@aws-sdk/util-buffer-from/-/util-buffer-from-3.201.0.tgz"
  dependencies:
    "@aws-sdk/is-array-buffer" "3.201.0"
    tslib "^2.3.1"

"@aws-sdk/util-config-provider@3.201.0":
  version "3.201.0"
  resolved "https://registry.npmjs.org/@aws-sdk/util-config-provider/-/util-config-provider-3.201.0.tgz"
  dependencies:
    tslib "^2.3.1"

"@aws-sdk/util-defaults-mode-browser@3.201.0":
  version "3.201.0"
  resolved "https://registry.npmjs.org/@aws-sdk/util-defaults-mode-browser/-/util-defaults-mode-browser-3.201.0.tgz"
  dependencies:
    "@aws-sdk/property-provider" "3.201.0"
    "@aws-sdk/types" "3.201.0"
    bowser "^2.11.0"
    tslib "^2.3.1"

"@aws-sdk/util-defaults-mode-node@3.201.0":
  version "3.201.0"
  resolved "https://registry.npmjs.org/@aws-sdk/util-defaults-mode-node/-/util-defaults-mode-node-3.201.0.tgz"
  dependencies:
    "@aws-sdk/config-resolver" "3.201.0"
    "@aws-sdk/credential-provider-imds" "3.201.0"
    "@aws-sdk/node-config-provider" "3.201.0"
    "@aws-sdk/property-provider" "3.201.0"
    "@aws-sdk/types" "3.201.0"
    tslib "^2.3.1"

"@aws-sdk/util-endpoints@3.202.0":
  version "3.202.0"
  resolved "https://registry.npmjs.org/@aws-sdk/util-endpoints/-/util-endpoints-3.202.0.tgz"
  dependencies:
    "@aws-sdk/types" "3.201.0"
    tslib "^2.3.1"

"@aws-sdk/util-hex-encoding@3.201.0":
  version "3.201.0"
  resolved "https://registry.npmjs.org/@aws-sdk/util-hex-encoding/-/util-hex-encoding-3.201.0.tgz"
  dependencies:
    tslib "^2.3.1"

"@aws-sdk/util-locate-window@^3.0.0":
  version "3.201.0"
  resolved "https://registry.npmjs.org/@aws-sdk/util-locate-window/-/util-locate-window-3.201.0.tgz"
  dependencies:
    tslib "^2.3.1"

"@aws-sdk/util-middleware@3.201.0":
  version "3.201.0"
  resolved "https://registry.npmjs.org/@aws-sdk/util-middleware/-/util-middleware-3.201.0.tgz"
  dependencies:
    tslib "^2.3.1"

"@aws-sdk/util-uri-escape@3.201.0":
  version "3.201.0"
  resolved "https://registry.npmjs.org/@aws-sdk/util-uri-escape/-/util-uri-escape-3.201.0.tgz"
  dependencies:
    tslib "^2.3.1"

"@aws-sdk/util-user-agent-browser@3.201.0":
  version "3.201.0"
  resolved "https://registry.npmjs.org/@aws-sdk/util-user-agent-browser/-/util-user-agent-browser-3.201.0.tgz"
  dependencies:
    "@aws-sdk/types" "3.201.0"
    bowser "^2.11.0"
    tslib "^2.3.1"

"@aws-sdk/util-user-agent-node@3.201.0":
  version "3.201.0"
  resolved "https://registry.npmjs.org/@aws-sdk/util-user-agent-node/-/util-user-agent-node-3.201.0.tgz"
  dependencies:
    "@aws-sdk/node-config-provider" "3.201.0"
    "@aws-sdk/types" "3.201.0"
    tslib "^2.3.1"

"@aws-sdk/util-utf8-browser@3.188.0", "@aws-sdk/util-utf8-browser@^3.0.0":
  version "3.188.0"
  resolved "https://registry.npmjs.org/@aws-sdk/util-utf8-browser/-/util-utf8-browser-3.188.0.tgz"
  dependencies:
    tslib "^2.3.1"

"@aws-sdk/util-utf8-node@3.201.0":
  version "3.201.0"
  resolved "https://registry.npmjs.org/@aws-sdk/util-utf8-node/-/util-utf8-node-3.201.0.tgz"
  dependencies:
    "@aws-sdk/util-buffer-from" "3.201.0"
    tslib "^2.3.1"

"@cspotcode/source-map-support@^0.8.0":
  version "0.8.1"
  resolved "https://registry.npmjs.org/@cspotcode/source-map-support/-/source-map-support-0.8.1.tgz"
  dependencies:
    "@jridgewell/trace-mapping" "0.3.9"

"@jridgewell/resolve-uri@^3.0.3":
  version "3.1.0"
  resolved "https://registry.npmjs.org/@jridgewell/resolve-uri/-/resolve-uri-3.1.0.tgz"

"@jridgewell/sourcemap-codec@^1.4.10":
  version "1.4.14"
  resolved "https://registry.npmjs.org/@jridgewell/sourcemap-codec/-/sourcemap-codec-1.4.14.tgz"

"@jridgewell/trace-mapping@0.3.9":
  version "0.3.9"
  resolved "https://registry.npmjs.org/@jridgewell/trace-mapping/-/trace-mapping-0.3.9.tgz"
  dependencies:
    "@jridgewell/resolve-uri" "^3.0.3"
    "@jridgewell/sourcemap-codec" "^1.4.10"

"@mongodb-js/saslprep@^1.1.0":
  version "1.1.7"
  resolved "https://registry.yarnpkg.com/@mongodb-js/saslprep/-/saslprep-1.1.7.tgz#d1700facfd6916c50c2c88fd6d48d363a56c702f"
  dependencies:
    sparse-bitfield "^3.0.3"

"@socket.io/component-emitter@~3.1.0":
  version "3.1.0"
  resolved "https://registry.npmjs.org/@socket.io/component-emitter/-/component-emitter-3.1.0.tgz"

"@tsconfig/node10@^1.0.7":
  version "1.0.9"
  resolved "https://registry.npmjs.org/@tsconfig/node10/-/node10-1.0.9.tgz"

"@tsconfig/node12@^1.0.7":
  version "1.0.11"
  resolved "https://registry.npmjs.org/@tsconfig/node12/-/node12-1.0.11.tgz"

"@tsconfig/node14@^1.0.0":
  version "1.0.3"
  resolved "https://registry.npmjs.org/@tsconfig/node14/-/node14-1.0.3.tgz"

"@tsconfig/node16@^1.0.2":
  version "1.0.3"
  resolved "https://registry.npmjs.org/@tsconfig/node16/-/node16-1.0.3.tgz"

"@types/component-emitter@^1.2.10":
  version "1.2.14"
  resolved "https://registry.yarnpkg.com/@types/component-emitter/-/component-emitter-1.2.14.tgz#8816eaec385a34fe124f26be8e6ccce4e5160820"

"@types/cookie@^0.4.0", "@types/cookie@^0.4.1":
  version "0.4.1"
  resolved "https://registry.npmjs.org/@types/cookie/-/cookie-0.4.1.tgz"

"@types/cors@^2.8.12", "@types/cors@^2.8.8":
  version "2.8.17"
  resolved "https://registry.yarnpkg.com/@types/cors/-/cors-2.8.17.tgz#5d718a5e494a8166f569d986794e49c48b216b2b"
  dependencies:
    "@types/node" "*"

"@types/node@*", "@types/node@>=10.0.0":
  version "18.11.9"
  resolved "https://registry.npmjs.org/@types/node/-/node-18.11.9.tgz"

"@types/webidl-conversions@*":
  version "7.0.0"
  resolved "https://registry.npmjs.org/@types/webidl-conversions/-/webidl-conversions-7.0.0.tgz"

"@types/whatwg-url@^8.2.1":
  version "8.2.2"
  resolved "https://registry.npmjs.org/@types/whatwg-url/-/whatwg-url-8.2.2.tgz"
  dependencies:
    "@types/node" "*"
    "@types/webidl-conversions" "*"

accepts@^1.3.5, accepts@~1.3.4:
  version "1.3.7"
  resolved "https://registry.npmjs.org/accepts/-/accepts-1.3.7.tgz"
  dependencies:
    mime-types "~2.1.24"
    negotiator "0.6.2"

acorn-walk@^8.1.1:
  version "8.2.0"
  resolved "https://registry.npmjs.org/acorn-walk/-/acorn-walk-8.2.0.tgz"

acorn@^8.4.1:
  version "8.8.1"
  resolved "https://registry.npmjs.org/acorn/-/acorn-8.8.1.tgz"

arg@^4.1.0:
  version "4.1.3"
  resolved "https://registry.npmjs.org/arg/-/arg-4.1.3.tgz"

base64-arraybuffer@0.1.4:
  version "0.1.4"
  resolved "https://registry.npmjs.org/base64-arraybuffer/-/base64-arraybuffer-0.1.4.tgz"

base64-js@^1.3.1:
  version "1.5.1"
  resolved "https://registry.npmjs.org/base64-js/-/base64-js-1.5.1.tgz"

base64id@2.0.0, base64id@~2.0.0:
  version "2.0.0"
  resolved "https://registry.npmjs.org/base64id/-/base64id-2.0.0.tgz"

bowser@^2.11.0:
  version "2.11.0"
  resolved "https://registry.npmjs.org/bowser/-/bowser-2.11.0.tgz"

bson@^4.7.2:
  version "4.7.2"
  resolved "https://registry.yarnpkg.com/bson/-/bson-4.7.2.tgz#320f4ad0eaf5312dd9b45dc369cc48945e2a5f2e"
  dependencies:
    buffer "^5.6.0"

buffer@^5.6.0:
  version "5.7.1"
  resolved "https://registry.npmjs.org/buffer/-/buffer-5.7.1.tgz"
  dependencies:
    base64-js "^1.3.1"
    ieee754 "^1.1.13"

cache-content-type@^1.0.0:
  version "1.0.1"
  resolved "https://registry.npmjs.org/cache-content-type/-/cache-content-type-1.0.1.tgz"
  dependencies:
    mime-types "^2.1.18"
    ylru "^1.2.0"

co@^4.6.0:
  version "4.6.0"
  resolved "https://registry.npmjs.org/co/-/co-4.6.0.tgz"

component-emitter@~1.3.0:
  version "1.3.0"
  resolved "https://registry.npmjs.org/component-emitter/-/component-emitter-1.3.0.tgz"

content-disposition@~0.5.2:
  version "0.5.3"
  resolved "https://registry.npmjs.org/content-disposition/-/content-disposition-0.5.3.tgz"
  dependencies:
    safe-buffer "5.1.2"

content-type@^1.0.4:
  version "1.0.4"
  resolved "https://registry.npmjs.org/content-type/-/content-type-1.0.4.tgz"

cookie@~0.4.1:
  version "0.4.1"
  resolved "https://registry.npmjs.org/cookie/-/cookie-0.4.1.tgz"

cookies@~0.8.0:
  version "0.8.0"
  resolved "https://registry.npmjs.org/cookies/-/cookies-0.8.0.tgz"
  dependencies:
    depd "~2.0.0"
    keygrip "~1.1.0"

cors@~2.8.5:
  version "2.8.5"
  resolved "https://registry.npmjs.org/cors/-/cors-2.8.5.tgz"
  dependencies:
    object-assign "^4"
    vary "^1"

create-require@^1.1.0:
  version "1.1.1"
  resolved "https://registry.npmjs.org/create-require/-/create-require-1.1.1.tgz"

debug@4.x, debug@^4.1.1, debug@^4.3.2, debug@~4.3.1, debug@~4.3.2, debug@~4.3.4:
  version "4.3.5"
  resolved "https://registry.yarnpkg.com/debug/-/debug-4.3.5.tgz#e83444eceb9fedd4a1da56d671ae2446a01a6e1e"
  dependencies:
    ms "2.1.2"

deep-equal@~1.0.1:
  version "1.0.1"
  resolved "https://registry.npmjs.org/deep-equal/-/deep-equal-1.0.1.tgz"

delegates@^1.0.0:
  version "1.0.0"
  resolved "https://registry.npmjs.org/delegates/-/delegates-1.0.0.tgz"

depd@2.0.0, depd@^2.0.0, depd@~2.0.0:
  version "2.0.0"
  resolved "https://registry.npmjs.org/depd/-/depd-2.0.0.tgz"

depd@~1.1.2:
  version "1.1.2"
  resolved "https://registry.npmjs.org/depd/-/depd-1.1.2.tgz"

destroy@^1.0.4:
  version "1.0.4"
  resolved "https://registry.npmjs.org/destroy/-/destroy-1.0.4.tgz"

diff@^4.0.1:
  version "4.0.2"
  resolved "https://registry.npmjs.org/diff/-/diff-4.0.2.tgz"

ee-first@1.1.1:
  version "1.1.1"
  resolved "https://registry.npmjs.org/ee-first/-/ee-first-1.1.1.tgz"

encodeurl@^1.0.2:
  version "1.0.2"
  resolved "https://registry.npmjs.org/encodeurl/-/encodeurl-1.0.2.tgz"

engine.io-client@~6.5.2:
  version "6.5.4"
  resolved "https://registry.yarnpkg.com/engine.io-client/-/engine.io-client-6.5.4.tgz#b8bc71ed3f25d0d51d587729262486b4b33bd0d0"
  dependencies:
    "@socket.io/component-emitter" "~3.1.0"
    debug "~4.3.1"
    engine.io-parser "~5.2.1"
    ws "~8.17.1"
    xmlhttprequest-ssl "~2.0.0"

engine.io-parser@~4.0.0:
  version "4.0.3"
  resolved "https://registry.yarnpkg.com/engine.io-parser/-/engine.io-parser-4.0.3.tgz#83d3a17acfd4226f19e721bb22a1ee8f7662d2f6"
  dependencies:
    base64-arraybuffer "0.1.4"

engine.io-parser@~5.2.1:
  version "5.2.2"
  resolved "https://registry.yarnpkg.com/engine.io-parser/-/engine.io-parser-5.2.2.tgz#37b48e2d23116919a3453738c5720455e64e1c49"

engine.io@~4.1.0:
  version "4.1.2"
  resolved "https://registry.yarnpkg.com/engine.io/-/engine.io-4.1.2.tgz#f96ceb56d4b39cc7ca5bd29a20e9c99c1ad1a765"
  dependencies:
    accepts "~1.3.4"
    base64id "2.0.0"
    cookie "~0.4.1"
    cors "~2.8.5"
    debug "~4.3.1"
    engine.io-parser "~4.0.0"
    ws "~7.4.2"

engine.io@~6.5.2:
  version "6.5.5"
  resolved "https://registry.yarnpkg.com/engine.io/-/engine.io-6.5.5.tgz#430b80d8840caab91a50e9e23cb551455195fc93"
  dependencies:
    "@types/cookie" "^0.4.1"
    "@types/cors" "^2.8.12"
    "@types/node" ">=10.0.0"
    accepts "~1.3.4"
    base64id "2.0.0"
    cookie "~0.4.1"
    cors "~2.8.5"
    debug "~4.3.1"
    engine.io-parser "~5.2.1"
    ws "~8.17.1"

escape-html@^1.0.3:
  version "1.0.3"
  resolved "https://registry.npmjs.org/escape-html/-/escape-html-1.0.3.tgz"

fast-xml-parser@4.0.11:
  version "4.0.11"
  resolved "https://registry.yarnpkg.com/fast-xml-parser/-/fast-xml-parser-4.0.11.tgz#42332a9aca544520631c8919e6ea871c0185a985"
  dependencies:
    strnum "^1.0.5"

fresh@~0.5.2:
  version "0.5.2"
  resolved "https://registry.npmjs.org/fresh/-/fresh-0.5.2.tgz"

http-assert@^1.3.0:
  version "1.4.1"
  resolved "https://registry.npmjs.org/http-assert/-/http-assert-1.4.1.tgz"
  dependencies:
    deep-equal "~1.0.1"
    http-errors "~1.7.2"

http-errors@^1.6.3, http-errors@^1.7.3, http-errors@~1.7.2:
  version "1.7.3"
  resolved "https://registry.npmjs.org/http-errors/-/http-errors-1.7.3.tgz"
  dependencies:
    depd "~1.1.2"
    inherits "2.0.4"
    setprototypeof "1.1.1"
    statuses ">= 1.5.0 < 2"
    toidentifier "1.0.0"

http-errors@^2.0.0:
  version "2.0.0"
  resolved "https://registry.npmjs.org/http-errors/-/http-errors-2.0.0.tgz"
  dependencies:
    depd "2.0.0"
    inherits "2.0.4"
    setprototypeof "1.2.0"
    statuses "2.0.1"
    toidentifier "1.0.1"

http-errors@~1.6.2:
  version "1.6.3"
  resolved "https://registry.npmjs.org/http-errors/-/http-errors-1.6.3.tgz"
  dependencies:
    depd "~1.1.2"
    inherits "2.0.3"
    setprototypeof "1.1.0"
    statuses ">= 1.4.0 < 2"

ieee754@^1.1.13:
  version "1.2.1"
  resolved "https://registry.npmjs.org/ieee754/-/ieee754-1.2.1.tgz"

inherits@2.0.3:
  version "2.0.3"
  resolved "https://registry.npmjs.org/inherits/-/inherits-2.0.3.tgz"

inherits@2.0.4:
  version "2.0.4"
  resolved "https://registry.npmjs.org/inherits/-/inherits-2.0.4.tgz"

ip@^2.0.0:
  version "2.0.0"
  resolved "https://registry.npmjs.org/ip/-/ip-2.0.0.tgz"

is-generator-function@^1.0.7:
  version "1.0.7"
  resolved "https://registry.npmjs.org/is-generator-function/-/is-generator-function-1.0.7.tgz"

kareem@2.5.1:
  version "2.5.1"
  resolved "https://registry.yarnpkg.com/kareem/-/kareem-2.5.1.tgz#7b8203e11819a8e77a34b3517d3ead206764d15d"

keygrip@~1.1.0:
  version "1.1.0"
  resolved "https://registry.npmjs.org/keygrip/-/keygrip-1.1.0.tgz"
  dependencies:
    tsscmp "1.0.6"

koa-compose@^4.1.0:
  version "4.1.0"
  resolved "https://registry.npmjs.org/koa-compose/-/koa-compose-4.1.0.tgz"

koa-convert@^2.0.0:
  version "2.0.0"
  resolved "https://registry.npmjs.org/koa-convert/-/koa-convert-2.0.0.tgz"
  dependencies:
    co "^4.6.0"
    koa-compose "^4.1.0"

koa-router@^12.0.0:
  version "12.0.0"
  resolved "https://registry.npmjs.org/koa-router/-/koa-router-12.0.0.tgz"
  dependencies:
    http-errors "^2.0.0"
    koa-compose "^4.1.0"
    methods "^1.1.2"
    path-to-regexp "^6.2.1"

koa-send@^5.0.1:
  version "5.0.1"
  resolved "https://registry.npmjs.org/koa-send/-/koa-send-5.0.1.tgz"
  dependencies:
    debug "^4.1.1"
    http-errors "^1.7.3"
    resolve-path "^1.4.0"

koa-socket-2@^2.0.0:
  version "2.0.0"
  resolved "https://registry.yarnpkg.com/koa-socket-2/-/koa-socket-2-2.0.0.tgz#c782a599813352b5d5827e535c71bb7e527d1e14"
  dependencies:
    koa-compose "^4.1.0"
    socket.io "^3.0.2"

koa@^2.13.4:
  version "2.13.4"
  resolved "https://registry.npmjs.org/koa/-/koa-2.13.4.tgz"
  dependencies:
    accepts "^1.3.5"
    cache-content-type "^1.0.0"
    content-disposition "~0.5.2"
    content-type "^1.0.4"
    cookies "~0.8.0"
    debug "^4.3.2"
    delegates "^1.0.0"
    depd "^2.0.0"
    destroy "^1.0.4"
    encodeurl "^1.0.2"
    escape-html "^1.0.3"
    fresh "~0.5.2"
    http-assert "^1.3.0"
    http-errors "^1.6.3"
    is-generator-function "^1.0.7"
    koa-compose "^4.1.0"
    koa-convert "^2.0.0"
    on-finished "^2.3.0"
    only "~0.0.2"
    parseurl "^1.3.2"
    statuses "^1.5.0"
    type-is "^1.6.16"
    vary "^1.1.2"

make-error@^1.1.1:
  version "1.3.6"
  resolved "https://registry.npmjs.org/make-error/-/make-error-1.3.6.tgz"

media-typer@0.3.0:
  version "0.3.0"
  resolved "https://registry.npmjs.org/media-typer/-/media-typer-0.3.0.tgz"

memory-pager@^1.0.2:
  version "1.5.0"
  resolved "https://registry.npmjs.org/memory-pager/-/memory-pager-1.5.0.tgz"

methods@^1.1.2:
  version "1.1.2"
  resolved "https://registry.npmjs.org/methods/-/methods-1.1.2.tgz"

mime-db@1.44.0:
  version "1.44.0"
  resolved "https://registry.npmjs.org/mime-db/-/mime-db-1.44.0.tgz"

mime-types@^2.1.18, mime-types@~2.1.24:
  version "2.1.27"
  resolved "https://registry.npmjs.org/mime-types/-/mime-types-2.1.27.tgz"
  dependencies:
    mime-db "1.44.0"

mongodb-connection-string-url@^2.6.0:
  version "2.6.0"
  resolved "https://registry.yarnpkg.com/mongodb-connection-string-url/-/mongodb-connection-string-url-2.6.0.tgz#57901bf352372abdde812c81be47b75c6b2ec5cf"
  dependencies:
    "@types/whatwg-url" "^8.2.1"
    whatwg-url "^11.0.0"

mongodb@4.17.2:
  version "4.17.2"
  resolved "https://registry.yarnpkg.com/mongodb/-/mongodb-4.17.2.tgz#237c0534e36a3449bd74c6bf6d32f87a1ca7200c"
  dependencies:
    bson "^4.7.2"
    mongodb-connection-string-url "^2.6.0"
    socks "^2.7.1"
  optionalDependencies:
    "@aws-sdk/credential-providers" "^3.186.0"
    "@mongodb-js/saslprep" "^1.1.0"

mongoose@^6.13.0:
  version "6.13.0"
  resolved "https://registry.yarnpkg.com/mongoose/-/mongoose-6.13.0.tgz#465522876237e4112a895fbd1cb4a87c580bc613"
  dependencies:
    bson "^4.7.2"
    kareem "2.5.1"
    mongodb "4.17.2"
    mpath "0.9.0"
    mquery "4.0.3"
    ms "2.1.3"
    sift "16.0.1"

mpath@0.9.0:
  version "0.9.0"
  resolved "https://registry.npmjs.org/mpath/-/mpath-0.9.0.tgz"

mquery@4.0.3:
  version "4.0.3"
  resolved "https://registry.npmjs.org/mquery/-/mquery-4.0.3.tgz"
  dependencies:
    debug "4.x"

ms@2.1.2:
  version "2.1.2"
  resolved "https://registry.npmjs.org/ms/-/ms-2.1.2.tgz"

ms@2.1.3:
  version "2.1.3"
  resolved "https://registry.npmjs.org/ms/-/ms-2.1.3.tgz"

negotiator@0.6.2:
  version "0.6.2"
  resolved "https://registry.npmjs.org/negotiator/-/negotiator-0.6.2.tgz"

object-assign@^4:
  version "4.1.1"
  resolved "https://registry.npmjs.org/object-assign/-/object-assign-4.1.1.tgz"

on-finished@^2.3.0:
  version "2.3.0"
  resolved "https://registry.npmjs.org/on-finished/-/on-finished-2.3.0.tgz"
  dependencies:
    ee-first "1.1.1"

only@~0.0.2:
  version "0.0.2"
  resolved "https://registry.npmjs.org/only/-/only-0.0.2.tgz"

parseurl@^1.3.2:
  version "1.3.3"
  resolved "https://registry.npmjs.org/parseurl/-/parseurl-1.3.3.tgz"

path-is-absolute@1.0.1:
  version "1.0.1"
  resolved "https://registry.npmjs.org/path-is-absolute/-/path-is-absolute-1.0.1.tgz"

path-to-regexp@^6.2.1:
  version "6.2.1"
  resolved "https://registry.npmjs.org/path-to-regexp/-/path-to-regexp-6.2.1.tgz"

punycode@^2.1.1:
  version "2.1.1"
  resolved "https://registry.npmjs.org/punycode/-/punycode-2.1.1.tgz"

resolve-path@^1.4.0:
  version "1.4.0"
  resolved "https://registry.npmjs.org/resolve-path/-/resolve-path-1.4.0.tgz"
  dependencies:
    http-errors "~1.6.2"
    path-is-absolute "1.0.1"

safe-buffer@5.1.2:
  version "5.1.2"
  resolved "https://registry.npmjs.org/safe-buffer/-/safe-buffer-5.1.2.tgz"

setprototypeof@1.1.0:
  version "1.1.0"
  resolved "https://registry.npmjs.org/setprototypeof/-/setprototypeof-1.1.0.tgz"

setprototypeof@1.1.1:
  version "1.1.1"
  resolved "https://registry.npmjs.org/setprototypeof/-/setprototypeof-1.1.1.tgz"

setprototypeof@1.2.0:
  version "1.2.0"
  resolved "https://registry.npmjs.org/setprototypeof/-/setprototypeof-1.2.0.tgz"

sift@16.0.1:
  version "16.0.1"
  resolved "https://registry.npmjs.org/sift/-/sift-16.0.1.tgz"

smart-buffer@^4.2.0:
  version "4.2.0"
  resolved "https://registry.npmjs.org/smart-buffer/-/smart-buffer-4.2.0.tgz"

socket.io-adapter@~2.1.0:
  version "2.1.0"
  resolved "https://registry.yarnpkg.com/socket.io-adapter/-/socket.io-adapter-2.1.0.tgz#edc5dc36602f2985918d631c1399215e97a1b527"

socket.io-adapter@~2.5.2:
  version "2.5.5"
  resolved "https://registry.yarnpkg.com/socket.io-adapter/-/socket.io-adapter-2.5.5.tgz#c7a1f9c703d7756844751b6ff9abfc1780664082"
  dependencies:
    debug "~4.3.4"
    ws "~8.17.1"

socket.io-client@^4.7.5:
  version "4.7.5"
  resolved "https://registry.yarnpkg.com/socket.io-client/-/socket.io-client-4.7.5.tgz#919be76916989758bdc20eec63f7ee0ae45c05b7"
  dependencies:
    "@socket.io/component-emitter" "~3.1.0"
    debug "~4.3.2"
    engine.io-client "~6.5.2"
    socket.io-parser "~4.2.4"

socket.io-parser@~4.0.3:
  version "4.0.5"
  resolved "https://registry.yarnpkg.com/socket.io-parser/-/socket.io-parser-4.0.5.tgz#cb404382c32324cc962f27f3a44058cf6e0552df"
  dependencies:
    "@types/component-emitter" "^1.2.10"
    component-emitter "~1.3.0"
    debug "~4.3.1"

socket.io-parser@~4.2.4:
  version "4.2.4"
  resolved "https://registry.yarnpkg.com/socket.io-parser/-/socket.io-parser-4.2.4.tgz#c806966cf7270601e47469ddeec30fbdfda44c83"
  dependencies:
    "@socket.io/component-emitter" "~3.1.0"
    debug "~4.3.1"

socket.io@^3.0.2:
  version "3.1.2"
  resolved "https://registry.yarnpkg.com/socket.io/-/socket.io-3.1.2.tgz#06e27caa1c4fc9617547acfbb5da9bc1747da39a"
  dependencies:
    "@types/cookie" "^0.4.0"
    "@types/cors" "^2.8.8"
    "@types/node" ">=10.0.0"
    accepts "~1.3.4"
    base64id "~2.0.0"
    debug "~4.3.1"
    engine.io "~4.1.0"
    socket.io-adapter "~2.1.0"
    socket.io-parser "~4.0.3"

socket.io@^4.7.5:
  version "4.7.5"
  resolved "https://registry.yarnpkg.com/socket.io/-/socket.io-4.7.5.tgz#56eb2d976aef9d1445f373a62d781a41c7add8f8"
  dependencies:
    accepts "~1.3.4"
    base64id "~2.0.0"
    cors "~2.8.5"
    debug "~4.3.2"
    engine.io "~6.5.2"
    socket.io-adapter "~2.5.2"
    socket.io-parser "~4.2.4"

socks@^2.7.1:
  version "2.7.1"
  resolved "https://registry.npmjs.org/socks/-/socks-2.7.1.tgz"
  dependencies:
    ip "^2.0.0"
    smart-buffer "^4.2.0"

sparse-bitfield@^3.0.3:
  version "3.0.3"
  resolved "https://registry.npmjs.org/sparse-bitfield/-/sparse-bitfield-3.0.3.tgz"
  dependencies:
    memory-pager "^1.0.2"

statuses@2.0.1:
  version "2.0.1"
  resolved "https://registry.npmjs.org/statuses/-/statuses-2.0.1.tgz"

"statuses@>= 1.4.0 < 2", "statuses@>= 1.5.0 < 2", statuses@^1.5.0:
  version "1.5.0"
  resolved "https://registry.npmjs.org/statuses/-/statuses-1.5.0.tgz"

strnum@^1.0.5:
  version "1.0.5"
  resolved "https://registry.npmjs.org/strnum/-/strnum-1.0.5.tgz"

toidentifier@1.0.0:
  version "1.0.0"
  resolved "https://registry.npmjs.org/toidentifier/-/toidentifier-1.0.0.tgz"

toidentifier@1.0.1:
  version "1.0.1"
  resolved "https://registry.npmjs.org/toidentifier/-/toidentifier-1.0.1.tgz"

tr46@^3.0.0:
  version "3.0.0"
  resolved "https://registry.npmjs.org/tr46/-/tr46-3.0.0.tgz"
  dependencies:
    punycode "^2.1.1"

ts-node@^10.9.1:
  version "10.9.1"
  resolved "https://registry.npmjs.org/ts-node/-/ts-node-10.9.1.tgz"
  dependencies:
    "@cspotcode/source-map-support" "^0.8.0"
    "@tsconfig/node10" "^1.0.7"
    "@tsconfig/node12" "^1.0.7"
    "@tsconfig/node14" "^1.0.0"
    "@tsconfig/node16" "^1.0.2"
    acorn "^8.4.1"
    acorn-walk "^8.1.1"
    arg "^4.1.0"
    create-require "^1.1.0"
    diff "^4.0.1"
    make-error "^1.1.1"
    v8-compile-cache-lib "^3.0.1"
    yn "3.1.1"

tslib@^1.11.1:
  version "1.14.1"
  resolved "https://registry.npmjs.org/tslib/-/tslib-1.14.1.tgz"

tslib@^2.3.1:
  version "2.4.1"
  resolved "https://registry.npmjs.org/tslib/-/tslib-2.4.1.tgz"

tsscmp@1.0.6:
  version "1.0.6"
  resolved "https://registry.npmjs.org/tsscmp/-/tsscmp-1.0.6.tgz"

type-is@^1.6.16:
  version "1.6.18"
  resolved "https://registry.npmjs.org/type-is/-/type-is-1.6.18.tgz"
  dependencies:
    media-typer "0.3.0"
    mime-types "~2.1.24"

uuid@^8.3.2:
  version "8.3.2"
  resolved "https://registry.npmjs.org/uuid/-/uuid-8.3.2.tgz"

v8-compile-cache-lib@^3.0.1:
  version "3.0.1"
  resolved "https://registry.npmjs.org/v8-compile-cache-lib/-/v8-compile-cache-lib-3.0.1.tgz"

vary@^1, vary@^1.1.2:
  version "1.1.2"
  resolved "https://registry.npmjs.org/vary/-/vary-1.1.2.tgz"

webidl-conversions@^7.0.0:
  version "7.0.0"
  resolved "https://registry.npmjs.org/webidl-conversions/-/webidl-conversions-7.0.0.tgz"

whatwg-url@^11.0.0:
  version "11.0.0"
  resolved "https://registry.npmjs.org/whatwg-url/-/whatwg-url-11.0.0.tgz"
  dependencies:
    tr46 "^3.0.0"
    webidl-conversions "^7.0.0"

ws@~7.4.2:
  version "7.4.6"
  resolved "https://registry.npmjs.org/ws/-/ws-7.4.6.tgz"

ws@~8.17.1:
  version "8.17.1"
  resolved "https://registry.yarnpkg.com/ws/-/ws-8.17.1.tgz#9293da530bb548febc95371d90f9c878727d919b"

xmlhttprequest-ssl@~2.0.0:
  version "2.0.0"
  resolved "https://registry.npmjs.org/xmlhttprequest-ssl/-/xmlhttprequest-ssl-2.0.0.tgz"

ylru@^1.2.0:
  version "1.2.1"
  resolved "https://registry.npmjs.org/ylru/-/ylru-1.2.1.tgz"

yn@3.1.1:
  version "3.1.1"
  resolved "https://registry.npmjs.org/yn/-/yn-3.1.1.tgz"
